PODS:
  - UnrarKit (2.9):
    - UnrarKit/unrar-lib (= 2.9)
  - UnrarKit/unrar-lib (2.9)
  - Zip (1.1.0)
  - ZIPFoundation (0.9.10)

DEPENDENCIES:
  - UnrarKit
  - Zip (~> 1.1)
  - ZIPFoundation (~> 0.9)

SPEC REPOS:
  trunk:
    - UnrarKit
    - Zip
    - ZIPFoundation

SPEC CHECKSUMS:
  UnrarKit: 99e3f0222a98a212188e1a6975dcf5aa798d26dd
  Zip: 8877eede3dda76bcac281225c20e71c25270774c
  ZIPFoundation: 249fa8890597086cd536bb2df5c9804d84e122b0

PODFILE CHECKSUM: e7d2bb65eb9d4957395ecc26c11e1aed840fbb13

COCOAPODS: 1.8.4
