PODS:
  - UnrarKit (2.8.1):
    - UnrarKit/unrar-lib (= 2.8.1)
  - UnrarKit/unrar-lib (2.8.1)
  - ZIPFoundation (0.9.8)

DEPENDENCIES:
  - UnrarKit
  - ZIPFoundation (~> 0.9)

SPEC REPOS:
  https://github.com/cocoapods/specs.git:
    - UnrarKit
    - ZIPFoundation

SPEC CHECKSUMS:
  UnrarKit: 167602bda6542e575c4cdc068509d6b787f84468
  ZIPFoundation: b1f07e4409baf1641f3fe5948b2a1c3f5c500cb1

PODFILE CHECKSUM: aa454ef37d14612090035af92aeaf08263cb6dc3

COCOAPODS: 1.5.3
