// !$*UTF8*$!
{
	archiveVersion = 1;
	classes = {
	};
	objectVersion = 51;
	objects = {

/* Begin PBXBuildFile section */
		67D61E6B5DA8FFE11A4E4420 /* Pods_wutComicReader.framework in Frameworks */ = {isa = PBXBuildFile; fileRef = 12FB43581E476835D7E87CCF /* Pods_wutComicReader.framework */; };
		C836B7653673F80041A9FE48 /* Pods_coreTests.framework in Frameworks */ = {isa = PBXBuildFile; fileRef = A588F92842633C8890F17641 /* Pods_coreTests.framework */; };
		E407CB8323FD3D780056F64D /* RoundedProgressView.swift in Sources */ = {isa = PBXBuildFile; fileRef = E407CB8223FD3D780056F64D /* RoundedProgressView.swift */; };
		E407CB8523FD3DD80056F64D /* CircleProgressView.swift in Sources */ = {isa = PBXBuildFile; fileRef = E407CB8423FD3DD80056F64D /* CircleProgressView.swift */; };
		E40A353323F97C83006FA758 /* ProgressContainerExtensions.swift in Sources */ = {isa = PBXBuildFile; fileRef = E40A353223F97C83006FA758 /* ProgressContainerExtensions.swift */; };
		E40C0EB223944A8200D2E561 /* AppFileManager.swift in Sources */ = {isa = PBXBuildFile; fileRef = E40C0EB123944A8200D2E561 /* AppFileManager.swift */; };
		E40C7A9D22A1168C00D7CD17 /* AppDelegate.swift in Sources */ = {isa = PBXBuildFile; fileRef = E40C7A9C22A1168C00D7CD17 /* AppDelegate.swift */; };
		E40C7A9F22A1168C00D7CD17 /* LibraryVC.swift in Sources */ = {isa = PBXBuildFile; fileRef = E40C7A9E22A1168C00D7CD17 /* LibraryVC.swift */; };
		E40C7AA222A1168C00D7CD17 /* Main.storyboard in Resources */ = {isa = PBXBuildFile; fileRef = E40C7AA022A1168C00D7CD17 /* Main.storyboard */; };
		E40C7AA722A1169000D7CD17 /* LaunchScreen.storyboard in Resources */ = {isa = PBXBuildFile; fileRef = E40C7AA522A1169000D7CD17 /* LaunchScreen.storyboard */; };
		E40FD64D22D1239800926CC4 /* ThumbnailCell.swift in Sources */ = {isa = PBXBuildFile; fileRef = E40FD64C22D1239800926CC4 /* ThumbnailCell.swift */; };
		E4144F4723B8DE6F00E28770 /* DeviceType.swift in Sources */ = {isa = PBXBuildFile; fileRef = E4144F4623B8DE6F00E28770 /* DeviceType.swift */; };
		E426BCD523DECE9700119927 /* coredata.xcdatamodeld in Sources */ = {isa = PBXBuildFile; fileRef = E4CC122223A56099006CD29E /* coredata.xcdatamodeld */; };
		E426BCDE23DEF2B900119927 /* 02.png in Resources */ = {isa = PBXBuildFile; fileRef = E426BCDB23DEF2B800119927 /* 02.png */; };
		E426BCDF23DEF2B900119927 /* 03.png in Resources */ = {isa = PBXBuildFile; fileRef = E426BCDC23DEF2B900119927 /* 03.png */; };
		E426BCE023DEF2B900119927 /* 01.png in Resources */ = {isa = PBXBuildFile; fileRef = E426BCDD23DEF2B900119927 /* 01.png */; };
		E4288B4E23DB30E000182E0B /* thumbnailCollectionViewExtensions.swift in Sources */ = {isa = PBXBuildFile; fileRef = E4288B4D23DB30E000182E0B /* thumbnailCollectionViewExtensions.swift */; };
		E4288B5423DB31D600182E0B /* bookPageControllerExtensions.swift in Sources */ = {isa = PBXBuildFile; fileRef = E4288B5323DB31D600182E0B /* bookPageControllerExtensions.swift */; };
		E440DEEF22A1814A00DCF4F7 /* Comic.swift in Sources */ = {isa = PBXBuildFile; fileRef = E440DEEE22A1814A00DCF4F7 /* Comic.swift */; };
		E44FA70C23F0015C00338457 /* LibraryReusableView.swift in Sources */ = {isa = PBXBuildFile; fileRef = E44FA70B23F0015C00338457 /* LibraryReusableView.swift */; };
		E45213A922D4927D00216217 /* ComicExteractor.swift in Sources */ = {isa = PBXBuildFile; fileRef = E45213A822D4927D00216217 /* ComicExteractor.swift */; };
		E4596A042407E7650030DB3E /* ReaderBottomBar.swift in Sources */ = {isa = PBXBuildFile; fileRef = E4596A032407E7650030DB3E /* ReaderBottomBar.swift */; };
		E4596A07240803A60030DB3E /* ReaderTopBar.swift in Sources */ = {isa = PBXBuildFile; fileRef = E4596A06240803A60030DB3E /* ReaderTopBar.swift */; };
		E45C842A238DACD700669155 /* Colors.swift in Sources */ = {isa = PBXBuildFile; fileRef = E45C8429238DACD700669155 /* Colors.swift */; };
		E463B29822AC2FCE0094265C /* Consts.swift in Sources */ = {isa = PBXBuildFile; fileRef = E463B29722AC2FCE0094265C /* Consts.swift */; };
		E465B11A2413FBAD00A6003D /* InfoVC.swift in Sources */ = {isa = PBXBuildFile; fileRef = E465B1192413FBAC00A6003D /* InfoVC.swift */; };
		E48253EA22D631B1001A0E85 /* Helper.swift in Sources */ = {isa = PBXBuildFile; fileRef = E48253E922D631B1001A0E85 /* Helper.swift */; };
		E49C7C132417EBED004DE82A /* ImageResizer.swift in Sources */ = {isa = PBXBuildFile; fileRef = E49C7C122417EBED004DE82A /* ImageResizer.swift */; };
		E49C7C152418FEF4004DE82A /* ComicImage.swift in Sources */ = {isa = PBXBuildFile; fileRef = E49C7C142418FEF4004DE82A /* ComicImage.swift */; };
		E4A20D6822D879450067BDF8 /* LibraryCell.swift in Sources */ = {isa = PBXBuildFile; fileRef = E4A20D6722D879450067BDF8 /* LibraryCell.swift */; };
		E4CC122423A56099006CD29E /* coredata.xcdatamodeld in Sources */ = {isa = PBXBuildFile; fileRef = E4CC122223A56099006CD29E /* coredata.xcdatamodeld */; };
		E4CE377F240D578600429C30 /* ProgressContainerView.swift in Sources */ = {isa = PBXBuildFile; fileRef = E4CE377E240D578600429C30 /* ProgressContainerView.swift */; };
		E4CE3783240D6CFB00429C30 /* LibraryCollectionViewExtensions.swift in Sources */ = {isa = PBXBuildFile; fileRef = E4CE3782240D6CFB00429C30 /* LibraryCollectionViewExtensions.swift */; };
		E4D3920123EEA23800E8C873 /* NewGroupVC.swift in Sources */ = {isa = PBXBuildFile; fileRef = E4D3920023EEA23800E8C873 /* NewGroupVC.swift */; };
		E4D402EE23AF9DA6008F59EB /* testVC.swift in Sources */ = {isa = PBXBuildFile; fileRef = E4D402ED23AF9DA6008F59EB /* testVC.swift */; };
		E4E667FD234BAB710050CB8C /* Assets.xcassets in Resources */ = {isa = PBXBuildFile; fileRef = E4E667FC234BAB710050CB8C /* Assets.xcassets */; };
		E4E8FCED22C28E4700A8B32D /* bookReaderVC.swift in Sources */ = {isa = PBXBuildFile; fileRef = E4E8FCEC22C28E4700A8B32D /* bookReaderVC.swift */; };
		E4EBEDD923DDD6BB000B317D /* Skulldigger and Skeleton Boy 002 (2020) (digital) (Son of Ultron-Empire).cbr in Resources */ = {isa = PBXBuildFile; fileRef = E4EBEDD823DDD6BB000B317D /* Skulldigger and Skeleton Boy 002 (2020) (digital) (Son of Ultron-Empire).cbr */; };
		E4EBEDDC23DDD6F6000B317D /* ExtractorTests.swift in Sources */ = {isa = PBXBuildFile; fileRef = E4EBEDDB23DDD6F6000B317D /* ExtractorTests.swift */; };
		E4EBEDE023DDDF71000B317D /* AppFileManagerTest.swift in Sources */ = {isa = PBXBuildFile; fileRef = E4EBEDDF23DDDF71000B317D /* AppFileManagerTest.swift */; };
		E4FF655A2391684600AAD68B /* BookPage.swift in Sources */ = {isa = PBXBuildFile; fileRef = E4FF65592391684600AAD68B /* BookPage.swift */; };
/* End PBXBuildFile section */

/* Begin PBXContainerItemProxy section */
		E4EBEDD123DD7C49000B317D /* PBXContainerItemProxy */ = {
			isa = PBXContainerItemProxy;
			containerPortal = E40C7A9122A1168C00D7CD17 /* Project object */;
			proxyType = 1;
			remoteGlobalIDString = E40C7A9822A1168C00D7CD17;
			remoteInfo = wutComicReader;
		};
/* End PBXContainerItemProxy section */

/* Begin PBXFileReference section */
		01C940788BF360E42CC8FC4D /* Pods-coreTests.release.xcconfig */ = {isa = PBXFileReference; includeInIndex = 1; lastKnownFileType = text.xcconfig; name = "Pods-coreTests.release.xcconfig"; path = "Target Support Files/Pods-coreTests/Pods-coreTests.release.xcconfig"; sourceTree = "<group>"; };
		12FB43581E476835D7E87CCF /* Pods_wutComicReader.framework */ = {isa = PBXFileReference; explicitFileType = wrapper.framework; includeInIndex = 0; path = Pods_wutComicReader.framework; sourceTree = BUILT_PRODUCTS_DIR; };
		3894799E207BCD7BA5FC7C48 /* Pods-wutComicReader.debug.xcconfig */ = {isa = PBXFileReference; includeInIndex = 1; lastKnownFileType = text.xcconfig; name = "Pods-wutComicReader.debug.xcconfig"; path = "Target Support Files/Pods-wutComicReader/Pods-wutComicReader.debug.xcconfig"; sourceTree = "<group>"; };
		6B324D5BDF51FC22EF0ACD10 /* Pods-coreTests.debug.xcconfig */ = {isa = PBXFileReference; includeInIndex = 1; lastKnownFileType = text.xcconfig; name = "Pods-coreTests.debug.xcconfig"; path = "Target Support Files/Pods-coreTests/Pods-coreTests.debug.xcconfig"; sourceTree = "<group>"; };
		A588F92842633C8890F17641 /* Pods_coreTests.framework */ = {isa = PBXFileReference; explicitFileType = wrapper.framework; includeInIndex = 0; path = Pods_coreTests.framework; sourceTree = BUILT_PRODUCTS_DIR; };
		B71B30168B00AD5CD96427C4 /* Pods-wutComicReader.release.xcconfig */ = {isa = PBXFileReference; includeInIndex = 1; lastKnownFileType = text.xcconfig; name = "Pods-wutComicReader.release.xcconfig"; path = "Target Support Files/Pods-wutComicReader/Pods-wutComicReader.release.xcconfig"; sourceTree = "<group>"; };
		E407CB8223FD3D780056F64D /* RoundedProgressView.swift */ = {isa = PBXFileReference; lastKnownFileType = sourcecode.swift; path = RoundedProgressView.swift; sourceTree = "<group>"; };
		E407CB8423FD3DD80056F64D /* CircleProgressView.swift */ = {isa = PBXFileReference; lastKnownFileType = sourcecode.swift; path = CircleProgressView.swift; sourceTree = "<group>"; };
		E40A353223F97C83006FA758 /* ProgressContainerExtensions.swift */ = {isa = PBXFileReference; lastKnownFileType = sourcecode.swift; path = ProgressContainerExtensions.swift; sourceTree = "<group>"; };
		E40C0EB123944A8200D2E561 /* AppFileManager.swift */ = {isa = PBXFileReference; lastKnownFileType = sourcecode.swift; path = AppFileManager.swift; sourceTree = "<group>"; };
		E40C7A9922A1168C00D7CD17 /* ComicKhan.app */ = {isa = PBXFileReference; explicitFileType = wrapper.application; includeInIndex = 0; path = ComicKhan.app; sourceTree = BUILT_PRODUCTS_DIR; };
		E40C7A9C22A1168C00D7CD17 /* AppDelegate.swift */ = {isa = PBXFileReference; lastKnownFileType = sourcecode.swift; path = AppDelegate.swift; sourceTree = "<group>"; };
		E40C7A9E22A1168C00D7CD17 /* LibraryVC.swift */ = {isa = PBXFileReference; lastKnownFileType = sourcecode.swift; path = LibraryVC.swift; sourceTree = "<group>"; };
		E40C7AA122A1168C00D7CD17 /* Base */ = {isa = PBXFileReference; lastKnownFileType = file.storyboard; name = Base; path = Base.lproj/Main.storyboard; sourceTree = "<group>"; };
		E40C7AA622A1169000D7CD17 /* Base */ = {isa = PBXFileReference; lastKnownFileType = file.storyboard; name = Base; path = Base.lproj/LaunchScreen.storyboard; sourceTree = "<group>"; };
		E40C7AA822A1169000D7CD17 /* Info.plist */ = {isa = PBXFileReference; lastKnownFileType = text.plist.xml; path = Info.plist; sourceTree = "<group>"; };
		E40FD64C22D1239800926CC4 /* ThumbnailCell.swift */ = {isa = PBXFileReference; lastKnownFileType = sourcecode.swift; path = ThumbnailCell.swift; sourceTree = "<group>"; };
		E4144F4623B8DE6F00E28770 /* DeviceType.swift */ = {isa = PBXFileReference; lastKnownFileType = sourcecode.swift; path = DeviceType.swift; sourceTree = "<group>"; };
		E426BCDB23DEF2B800119927 /* 02.png */ = {isa = PBXFileReference; lastKnownFileType = image.png; path = 02.png; sourceTree = "<group>"; };
		E426BCDC23DEF2B900119927 /* 03.png */ = {isa = PBXFileReference; lastKnownFileType = image.png; path = 03.png; sourceTree = "<group>"; };
		E426BCDD23DEF2B900119927 /* 01.png */ = {isa = PBXFileReference; lastKnownFileType = image.png; path = 01.png; sourceTree = "<group>"; };
		E426BCE123DF23BE00119927 /* Comic+CoreDataClass.swift */ = {isa = PBXFileReference; lastKnownFileType = sourcecode.swift; path = "Comic+CoreDataClass.swift"; sourceTree = "<group>"; };
		E426BCE223DF23BE00119927 /* ComicGroup+CoreDataProperties.swift */ = {isa = PBXFileReference; lastKnownFileType = sourcecode.swift; path = "ComicGroup+CoreDataProperties.swift"; sourceTree = "<group>"; };
		E426BCE323DF23BE00119927 /* ComicGroup+CoreDataClass.swift */ = {isa = PBXFileReference; lastKnownFileType = sourcecode.swift; path = "ComicGroup+CoreDataClass.swift"; sourceTree = "<group>"; };
		E426BCE423DF23BE00119927 /* Comic+CoreDataProperties.swift */ = {isa = PBXFileReference; lastKnownFileType = sourcecode.swift; path = "Comic+CoreDataProperties.swift"; sourceTree = "<group>"; };
		E4288B4D23DB30E000182E0B /* thumbnailCollectionViewExtensions.swift */ = {isa = PBXFileReference; lastKnownFileType = sourcecode.swift; path = thumbnailCollectionViewExtensions.swift; sourceTree = "<group>"; };
		E4288B5323DB31D600182E0B /* bookPageControllerExtensions.swift */ = {isa = PBXFileReference; lastKnownFileType = sourcecode.swift; path = bookPageControllerExtensions.swift; sourceTree = "<group>"; };
		E440DEEE22A1814A00DCF4F7 /* Comic.swift */ = {isa = PBXFileReference; lastKnownFileType = sourcecode.swift; path = Comic.swift; sourceTree = "<group>"; };
		E44FA70B23F0015C00338457 /* LibraryReusableView.swift */ = {isa = PBXFileReference; lastKnownFileType = sourcecode.swift; path = LibraryReusableView.swift; sourceTree = "<group>"; };
		E45213A822D4927D00216217 /* ComicExteractor.swift */ = {isa = PBXFileReference; fileEncoding = 4; lastKnownFileType = sourcecode.swift; path = ComicExteractor.swift; sourceTree = "<group>"; };
		E4596A032407E7650030DB3E /* ReaderBottomBar.swift */ = {isa = PBXFileReference; lastKnownFileType = sourcecode.swift; path = ReaderBottomBar.swift; sourceTree = "<group>"; };
		E4596A06240803A60030DB3E /* ReaderTopBar.swift */ = {isa = PBXFileReference; lastKnownFileType = sourcecode.swift; path = ReaderTopBar.swift; sourceTree = "<group>"; };
		E45C8429238DACD700669155 /* Colors.swift */ = {isa = PBXFileReference; lastKnownFileType = sourcecode.swift; path = Colors.swift; sourceTree = "<group>"; };
		E463B29722AC2FCE0094265C /* Consts.swift */ = {isa = PBXFileReference; lastKnownFileType = sourcecode.swift; path = Consts.swift; sourceTree = "<group>"; };
		E465B1192413FBAC00A6003D /* InfoVC.swift */ = {isa = PBXFileReference; lastKnownFileType = sourcecode.swift; path = InfoVC.swift; sourceTree = "<group>"; };
		E48253E922D631B1001A0E85 /* Helper.swift */ = {isa = PBXFileReference; lastKnownFileType = sourcecode.swift; path = Helper.swift; sourceTree = "<group>"; };
		E49C7C122417EBED004DE82A /* ImageResizer.swift */ = {isa = PBXFileReference; lastKnownFileType = sourcecode.swift; path = ImageResizer.swift; sourceTree = "<group>"; };
		E49C7C142418FEF4004DE82A /* ComicImage.swift */ = {isa = PBXFileReference; lastKnownFileType = sourcecode.swift; path = ComicImage.swift; sourceTree = "<group>"; };
		E4A20D6722D879450067BDF8 /* LibraryCell.swift */ = {isa = PBXFileReference; lastKnownFileType = sourcecode.swift; path = LibraryCell.swift; sourceTree = "<group>"; };
		E4CC122323A56099006CD29E /* coredata.xcdatamodel */ = {isa = PBXFileReference; lastKnownFileType = wrapper.xcdatamodel; path = coredata.xcdatamodel; sourceTree = "<group>"; };
		E4CE377E240D578600429C30 /* ProgressContainerView.swift */ = {isa = PBXFileReference; lastKnownFileType = sourcecode.swift; path = ProgressContainerView.swift; sourceTree = "<group>"; };
		E4CE3782240D6CFB00429C30 /* LibraryCollectionViewExtensions.swift */ = {isa = PBXFileReference; lastKnownFileType = sourcecode.swift; path = LibraryCollectionViewExtensions.swift; sourceTree = "<group>"; };
		E4D3920023EEA23800E8C873 /* NewGroupVC.swift */ = {isa = PBXFileReference; lastKnownFileType = sourcecode.swift; path = NewGroupVC.swift; sourceTree = "<group>"; };
		E4D402ED23AF9DA6008F59EB /* testVC.swift */ = {isa = PBXFileReference; lastKnownFileType = sourcecode.swift; path = testVC.swift; sourceTree = "<group>"; };
		E4E667FC234BAB710050CB8C /* Assets.xcassets */ = {isa = PBXFileReference; lastKnownFileType = folder.assetcatalog; path = Assets.xcassets; sourceTree = "<group>"; };
		E4E8FCEC22C28E4700A8B32D /* bookReaderVC.swift */ = {isa = PBXFileReference; lastKnownFileType = sourcecode.swift; path = bookReaderVC.swift; sourceTree = "<group>"; };
		E4EBEDCC23DD7C49000B317D /* coreTests.xctest */ = {isa = PBXFileReference; explicitFileType = wrapper.cfbundle; includeInIndex = 0; path = coreTests.xctest; sourceTree = BUILT_PRODUCTS_DIR; };
		E4EBEDD023DD7C49000B317D /* Info.plist */ = {isa = PBXFileReference; lastKnownFileType = text.plist.xml; path = Info.plist; sourceTree = "<group>"; };
		E4EBEDD823DDD6BB000B317D /* Skulldigger and Skeleton Boy 002 (2020) (digital) (Son of Ultron-Empire).cbr */ = {isa = PBXFileReference; lastKnownFileType = file; name = "Skulldigger and Skeleton Boy 002 (2020) (digital) (Son of Ultron-Empire).cbr"; path = "../Skulldigger and Skeleton Boy 002 (2020) (digital) (Son of Ultron-Empire).cbr"; sourceTree = "<group>"; };
		E4EBEDDA23DDD6F5000B317D /* coreTests-Bridging-Header.h */ = {isa = PBXFileReference; lastKnownFileType = sourcecode.c.h; path = "coreTests-Bridging-Header.h"; sourceTree = "<group>"; };
		E4EBEDDB23DDD6F6000B317D /* ExtractorTests.swift */ = {isa = PBXFileReference; fileEncoding = 4; lastKnownFileType = sourcecode.swift; path = ExtractorTests.swift; sourceTree = "<group>"; };
		E4EBEDDF23DDDF71000B317D /* AppFileManagerTest.swift */ = {isa = PBXFileReference; lastKnownFileType = sourcecode.swift; path = AppFileManagerTest.swift; sourceTree = "<group>"; };
		E4FF65592391684600AAD68B /* BookPage.swift */ = {isa = PBXFileReference; lastKnownFileType = sourcecode.swift; path = BookPage.swift; sourceTree = "<group>"; };
/* End PBXFileReference section */

/* Begin PBXFrameworksBuildPhase section */
		E40C7A9622A1168C00D7CD17 /* Frameworks */ = {
			isa = PBXFrameworksBuildPhase;
			buildActionMask = 2147483647;
			files = (
				67D61E6B5DA8FFE11A4E4420 /* Pods_wutComicReader.framework in Frameworks */,
			);
			runOnlyForDeploymentPostprocessing = 0;
		};
		E4EBEDC923DD7C49000B317D /* Frameworks */ = {
			isa = PBXFrameworksBuildPhase;
			buildActionMask = 2147483647;
			files = (
				C836B7653673F80041A9FE48 /* Pods_coreTests.framework in Frameworks */,
			);
			runOnlyForDeploymentPostprocessing = 0;
		};
/* End PBXFrameworksBuildPhase section */

/* Begin PBXGroup section */
		6F67DD5253B7F4E09AC17837 /* Pods */ = {
			isa = PBXGroup;
			children = (
				6B324D5BDF51FC22EF0ACD10 /* Pods-coreTests.debug.xcconfig */,
				01C940788BF360E42CC8FC4D /* Pods-coreTests.release.xcconfig */,
				3894799E207BCD7BA5FC7C48 /* Pods-wutComicReader.debug.xcconfig */,
				B71B30168B00AD5CD96427C4 /* Pods-wutComicReader.release.xcconfig */,
			);
			path = Pods;
			sourceTree = "<group>";
		};
		8B8B93FB6D245EB753C04E59 /* Frameworks */ = {
			isa = PBXGroup;
			children = (
				A588F92842633C8890F17641 /* Pods_coreTests.framework */,
				12FB43581E476835D7E87CCF /* Pods_wutComicReader.framework */,
			);
			name = Frameworks;
			sourceTree = "<group>";
		};
		E406C44223CA49870053056A /* AppDelegate */ = {
			isa = PBXGroup;
			children = (
				E40C7A9C22A1168C00D7CD17 /* AppDelegate.swift */,
			);
			path = AppDelegate;
			sourceTree = "<group>";
		};
		E407CB8123FD3D2E0056F64D /* ProgressViews */ = {
			isa = PBXGroup;
			children = (
				E407CB8223FD3D780056F64D /* RoundedProgressView.swift */,
				E407CB8423FD3DD80056F64D /* CircleProgressView.swift */,
			);
			path = ProgressViews;
			sourceTree = "<group>";
		};
		E40C7A9022A1168C00D7CD17 = {
			isa = PBXGroup;
			children = (
				E40C7A9B22A1168C00D7CD17 /* wutComicReader */,
				E4EBEDCD23DD7C49000B317D /* coreTests */,
				E40C7A9A22A1168C00D7CD17 /* Products */,
				6F67DD5253B7F4E09AC17837 /* Pods */,
				8B8B93FB6D245EB753C04E59 /* Frameworks */,
			);
			sourceTree = "<group>";
		};
		E40C7A9A22A1168C00D7CD17 /* Products */ = {
			isa = PBXGroup;
			children = (
				E40C7A9922A1168C00D7CD17 /* ComicKhan.app */,
				E4EBEDCC23DD7C49000B317D /* coreTests.xctest */,
			);
			name = Products;
			sourceTree = "<group>";
		};
		E40C7A9B22A1168C00D7CD17 /* wutComicReader */ = {
			isa = PBXGroup;
			children = (
				E4CC122523A565E0006CD29E /* CoreData */,
				E4A1264F23AE99CB00EC1C96 /* Cores */,
				E407CB8123FD3D2E0056F64D /* ProgressViews */,
				E41615D7240925BB00B9C04D /* Views */,
				E4288B4F23DB311400182E0B /* ViewControllers */,
				E406C44223CA49870053056A /* AppDelegate */,
				E49BBAAF23E179CE00E9D1BA /* Extensions */,
				E463B29722AC2FCE0094265C /* Consts.swift */,
				E45C8429238DACD700669155 /* Colors.swift */,
				E40C7AA022A1168C00D7CD17 /* Main.storyboard */,
				E4D402ED23AF9DA6008F59EB /* testVC.swift */,
				E40C7AA522A1169000D7CD17 /* LaunchScreen.storyboard */,
				E4E667FC234BAB710050CB8C /* Assets.xcassets */,
				E40C7AA822A1169000D7CD17 /* Info.plist */,
				E440DEEE22A1814A00DCF4F7 /* Comic.swift */,
			);
			path = wutComicReader;
			sourceTree = "<group>";
		};
		E41615D7240925BB00B9C04D /* Views */ = {
			isa = PBXGroup;
			children = (
			);
			path = Views;
			sourceTree = "<group>";
		};
		E426BCDA23DEEFA300119927 /* testComicPages */ = {
			isa = PBXGroup;
			children = (
				E426BCDD23DEF2B900119927 /* 01.png */,
				E426BCDB23DEF2B800119927 /* 02.png */,
				E426BCDC23DEF2B900119927 /* 03.png */,
			);
			path = testComicPages;
			sourceTree = "<group>";
		};
		E4288B4F23DB311400182E0B /* ViewControllers */ = {
			isa = PBXGroup;
			children = (
				E44FA70D23F003EC00338457 /* New Comic Group */,
				E45213A722D4902C00216217 /* Book Reader */,
				E4A1264C23AE7DC300EC1C96 /* Library */,
				E465B1182413FB7B00A6003D /* Info */,
			);
			path = ViewControllers;
			sourceTree = "<group>";
		};
		E4288B5023DB314A00182E0B /* Extensions */ = {
			isa = PBXGroup;
			children = (
				E4288B4D23DB30E000182E0B /* thumbnailCollectionViewExtensions.swift */,
				E4288B5323DB31D600182E0B /* bookPageControllerExtensions.swift */,
			);
			path = Extensions;
			sourceTree = "<group>";
		};
		E44FA70D23F003EC00338457 /* New Comic Group */ = {
			isa = PBXGroup;
			children = (
				E4D3920023EEA23800E8C873 /* NewGroupVC.swift */,
			);
			path = "New Comic Group";
			sourceTree = "<group>";
		};
		E45213A722D4902C00216217 /* Book Reader */ = {
			isa = PBXGroup;
			children = (
				E4E8FCEC22C28E4700A8B32D /* bookReaderVC.swift */,
				E4FF65592391684600AAD68B /* BookPage.swift */,
				E40FD64C22D1239800926CC4 /* ThumbnailCell.swift */,
				E4596A05240803860030DB3E /* Views */,
				E4288B5023DB314A00182E0B /* Extensions */,
			);
			path = "Book Reader";
			sourceTree = "<group>";
		};
		E4596A05240803860030DB3E /* Views */ = {
			isa = PBXGroup;
			children = (
				E4596A032407E7650030DB3E /* ReaderBottomBar.swift */,
				E4596A06240803A60030DB3E /* ReaderTopBar.swift */,
			);
			path = Views;
			sourceTree = "<group>";
		};
		E465B1182413FB7B00A6003D /* Info */ = {
			isa = PBXGroup;
			children = (
				E465B1192413FBAC00A6003D /* InfoVC.swift */,
			);
			path = Info;
			sourceTree = "<group>";
		};
		E49BBAAF23E179CE00E9D1BA /* Extensions */ = {
			isa = PBXGroup;
			children = (
				E4144F4623B8DE6F00E28770 /* DeviceType.swift */,
				E48253E922D631B1001A0E85 /* Helper.swift */,
				E49C7C142418FEF4004DE82A /* ComicImage.swift */,
			);
			path = Extensions;
			sourceTree = "<group>";
		};
		E4A1264C23AE7DC300EC1C96 /* Library */ = {
			isa = PBXGroup;
			children = (
				E40C7A9E22A1168C00D7CD17 /* LibraryVC.swift */,
				E4CE3781240D6C5800429C30 /* Views */,
				E4CE3780240D6C2800429C30 /* Extensions */,
			);
			path = Library;
			sourceTree = "<group>";
		};
		E4A1264F23AE99CB00EC1C96 /* Cores */ = {
			isa = PBXGroup;
			children = (
				E45213A822D4927D00216217 /* ComicExteractor.swift */,
				E49C7C122417EBED004DE82A /* ImageResizer.swift */,
				E40C0EB123944A8200D2E561 /* AppFileManager.swift */,
			);
			path = Cores;
			sourceTree = "<group>";
		};
		E4CC122523A565E0006CD29E /* CoreData */ = {
			isa = PBXGroup;
			children = (
				E426BCE123DF23BE00119927 /* Comic+CoreDataClass.swift */,
				E426BCE423DF23BE00119927 /* Comic+CoreDataProperties.swift */,
				E426BCE323DF23BE00119927 /* ComicGroup+CoreDataClass.swift */,
				E426BCE223DF23BE00119927 /* ComicGroup+CoreDataProperties.swift */,
				E4CC122223A56099006CD29E /* coredata.xcdatamodeld */,
			);
			path = CoreData;
			sourceTree = "<group>";
		};
		E4CE3780240D6C2800429C30 /* Extensions */ = {
			isa = PBXGroup;
			children = (
				E40A353223F97C83006FA758 /* ProgressContainerExtensions.swift */,
				E4CE3782240D6CFB00429C30 /* LibraryCollectionViewExtensions.swift */,
			);
			path = Extensions;
			sourceTree = "<group>";
		};
		E4CE3781240D6C5800429C30 /* Views */ = {
			isa = PBXGroup;
			children = (
				E4CE377E240D578600429C30 /* ProgressContainerView.swift */,
				E4A20D6722D879450067BDF8 /* LibraryCell.swift */,
				E44FA70B23F0015C00338457 /* LibraryReusableView.swift */,
			);
			path = Views;
			sourceTree = "<group>";
		};
		E4EBEDCD23DD7C49000B317D /* coreTests */ = {
			isa = PBXGroup;
			children = (
				E4EBEDDD23DDDDFB000B317D /* ComicExtractorTests */,
				E4EBEDDE23DDDE22000B317D /* AppFileManagerTest */,
				E4EBEDD023DD7C49000B317D /* Info.plist */,
				E4EBEDDA23DDD6F5000B317D /* coreTests-Bridging-Header.h */,
			);
			path = coreTests;
			sourceTree = "<group>";
		};
		E4EBEDDD23DDDDFB000B317D /* ComicExtractorTests */ = {
			isa = PBXGroup;
			children = (
				E4EBEDD823DDD6BB000B317D /* Skulldigger and Skeleton Boy 002 (2020) (digital) (Son of Ultron-Empire).cbr */,
				E4EBEDDB23DDD6F6000B317D /* ExtractorTests.swift */,
			);
			path = ComicExtractorTests;
			sourceTree = "<group>";
		};
		E4EBEDDE23DDDE22000B317D /* AppFileManagerTest */ = {
			isa = PBXGroup;
			children = (
				E426BCDA23DEEFA300119927 /* testComicPages */,
				E4EBEDDF23DDDF71000B317D /* AppFileManagerTest.swift */,
			);
			path = AppFileManagerTest;
			sourceTree = "<group>";
		};
/* End PBXGroup section */

/* Begin PBXNativeTarget section */
		E40C7A9822A1168C00D7CD17 /* wutComicReader */ = {
			isa = PBXNativeTarget;
			buildConfigurationList = E40C7AAB22A1169000D7CD17 /* Build configuration list for PBXNativeTarget "wutComicReader" */;
			buildPhases = (
				E138677A9CDE89B761A3AC05 /* [CP] Check Pods Manifest.lock */,
				E40C7A9522A1168C00D7CD17 /* Sources */,
				E40C7A9622A1168C00D7CD17 /* Frameworks */,
				E40C7A9722A1168C00D7CD17 /* Resources */,
				96B9E713751B1026097307AD /* [CP] Embed Pods Frameworks */,
			);
			buildRules = (
			);
			dependencies = (
			);
			name = wutComicReader;
			productName = wutComicReader;
			productReference = E40C7A9922A1168C00D7CD17 /* ComicKhan.app */;
			productType = "com.apple.product-type.application";
		};
		E4EBEDCB23DD7C49000B317D /* coreTests */ = {
			isa = PBXNativeTarget;
			buildConfigurationList = E4EBEDD523DD7C49000B317D /* Build configuration list for PBXNativeTarget "coreTests" */;
			buildPhases = (
				45AD48A84F36FD148B29A3BE /* [CP] Check Pods Manifest.lock */,
				E4EBEDC823DD7C49000B317D /* Sources */,
				E4EBEDC923DD7C49000B317D /* Frameworks */,
				E4EBEDCA23DD7C49000B317D /* Resources */,
				510F292C1A83B95A768B44B6 /* [CP] Embed Pods Frameworks */,
			);
			buildRules = (
			);
			dependencies = (
				E4EBEDD223DD7C49000B317D /* PBXTargetDependency */,
			);
			name = coreTests;
			productName = coreTests;
			productReference = E4EBEDCC23DD7C49000B317D /* coreTests.xctest */;
			productType = "com.apple.product-type.bundle.unit-test";
		};
/* End PBXNativeTarget section */

/* Begin PBXProject section */
		E40C7A9122A1168C00D7CD17 /* Project object */ = {
			isa = PBXProject;
			attributes = {
				LastSwiftUpdateCheck = 1120;
				LastUpgradeCheck = 1020;
				ORGANIZATIONNAME = wutup;
				TargetAttributes = {
					E40C7A9822A1168C00D7CD17 = {
						CreatedOnToolsVersion = 10.2.1;
					};
					E4EBEDCB23DD7C49000B317D = {
						CreatedOnToolsVersion = 11.2;
						LastSwiftMigration = 1120;
						TestTargetID = E40C7A9822A1168C00D7CD17;
					};
				};
			};
			buildConfigurationList = E40C7A9422A1168C00D7CD17 /* Build configuration list for PBXProject "wutComicReader" */;
			compatibilityVersion = "Xcode 9.3";
			developmentRegion = en;
			hasScannedForEncodings = 0;
			knownRegions = (
				en,
				Base,
			);
			mainGroup = E40C7A9022A1168C00D7CD17;
			productRefGroup = E40C7A9A22A1168C00D7CD17 /* Products */;
			projectDirPath = "";
			projectRoot = "";
			targets = (
				E40C7A9822A1168C00D7CD17 /* wutComicReader */,
				E4EBEDCB23DD7C49000B317D /* coreTests */,
			);
		};
/* End PBXProject section */

/* Begin PBXResourcesBuildPhase section */
		E40C7A9722A1168C00D7CD17 /* Resources */ = {
			isa = PBXResourcesBuildPhase;
			buildActionMask = 2147483647;
			files = (
				E40C7AA722A1169000D7CD17 /* LaunchScreen.storyboard in Resources */,
				E4E667FD234BAB710050CB8C /* Assets.xcassets in Resources */,
				E40C7AA222A1168C00D7CD17 /* Main.storyboard in Resources */,
			);
			runOnlyForDeploymentPostprocessing = 0;
		};
		E4EBEDCA23DD7C49000B317D /* Resources */ = {
			isa = PBXResourcesBuildPhase;
			buildActionMask = 2147483647;
			files = (
				E426BCDE23DEF2B900119927 /* 02.png in Resources */,
				E426BCE023DEF2B900119927 /* 01.png in Resources */,
				E4EBEDD923DDD6BB000B317D /* Skulldigger and Skeleton Boy 002 (2020) (digital) (Son of Ultron-Empire).cbr in Resources */,
				E426BCDF23DEF2B900119927 /* 03.png in Resources */,
			);
			runOnlyForDeploymentPostprocessing = 0;
		};
/* End PBXResourcesBuildPhase section */

/* Begin PBXShellScriptBuildPhase section */
		45AD48A84F36FD148B29A3BE /* [CP] Check Pods Manifest.lock */ = {
			isa = PBXShellScriptBuildPhase;
			buildActionMask = 2147483647;
			files = (
			);
			inputFileListPaths = (
			);
			inputPaths = (
				"${PODS_PODFILE_DIR_PATH}/Podfile.lock",
				"${PODS_ROOT}/Manifest.lock",
			);
			name = "[CP] Check Pods Manifest.lock";
			outputFileListPaths = (
			);
			outputPaths = (
				"$(DERIVED_FILE_DIR)/Pods-coreTests-checkManifestLockResult.txt",
			);
			runOnlyForDeploymentPostprocessing = 0;
			shellPath = /bin/sh;
			shellScript = "diff \"${PODS_PODFILE_DIR_PATH}/Podfile.lock\" \"${PODS_ROOT}/Manifest.lock\" > /dev/null\nif [ $? != 0 ] ; then\n    # print error to STDERR\n    echo \"error: The sandbox is not in sync with the Podfile.lock. Run 'pod install' or update your CocoaPods installation.\" >&2\n    exit 1\nfi\n# This output is used by Xcode 'outputs' to avoid re-running this script phase.\necho \"SUCCESS\" > \"${SCRIPT_OUTPUT_FILE_0}\"\n";
			showEnvVarsInLog = 0;
		};
		510F292C1A83B95A768B44B6 /* [CP] Embed Pods Frameworks */ = {
			isa = PBXShellScriptBuildPhase;
			buildActionMask = 2147483647;
			files = (
			);
			inputFileListPaths = (
				"${PODS_ROOT}/Target Support Files/Pods-coreTests/Pods-coreTests-frameworks-${CONFIGURATION}-input-files.xcfilelist",
			);
			name = "[CP] Embed Pods Frameworks";
			outputFileListPaths = (
				"${PODS_ROOT}/Target Support Files/Pods-coreTests/Pods-coreTests-frameworks-${CONFIGURATION}-output-files.xcfilelist",
			);
			runOnlyForDeploymentPostprocessing = 0;
			shellPath = /bin/sh;
			shellScript = "\"${PODS_ROOT}/Target Support Files/Pods-coreTests/Pods-coreTests-frameworks.sh\"\n";
			showEnvVarsInLog = 0;
		};
		96B9E713751B1026097307AD /* [CP] Embed Pods Frameworks */ = {
			isa = PBXShellScriptBuildPhase;
			buildActionMask = 2147483647;
			files = (
			);
			inputFileListPaths = (
				"${PODS_ROOT}/Target Support Files/Pods-wutComicReader/Pods-wutComicReader-frameworks-${CONFIGURATION}-input-files.xcfilelist",
			);
			name = "[CP] Embed Pods Frameworks";
			outputFileListPaths = (
				"${PODS_ROOT}/Target Support Files/Pods-wutComicReader/Pods-wutComicReader-frameworks-${CONFIGURATION}-output-files.xcfilelist",
			);
			runOnlyForDeploymentPostprocessing = 0;
			shellPath = /bin/sh;
			shellScript = "\"${PODS_ROOT}/Target Support Files/Pods-wutComicReader/Pods-wutComicReader-frameworks.sh\"\n";
			showEnvVarsInLog = 0;
		};
		E138677A9CDE89B761A3AC05 /* [CP] Check Pods Manifest.lock */ = {
			isa = PBXShellScriptBuildPhase;
			buildActionMask = 2147483647;
			files = (
			);
			inputFileListPaths = (
			);
			inputPaths = (
				"${PODS_PODFILE_DIR_PATH}/Podfile.lock",
				"${PODS_ROOT}/Manifest.lock",
			);
			name = "[CP] Check Pods Manifest.lock";
			outputFileListPaths = (
			);
			outputPaths = (
				"$(DERIVED_FILE_DIR)/Pods-wutComicReader-checkManifestLockResult.txt",
			);
			runOnlyForDeploymentPostprocessing = 0;
			shellPath = /bin/sh;
			shellScript = "diff \"${PODS_PODFILE_DIR_PATH}/Podfile.lock\" \"${PODS_ROOT}/Manifest.lock\" > /dev/null\nif [ $? != 0 ] ; then\n    # print error to STDERR\n    echo \"error: The sandbox is not in sync with the Podfile.lock. Run 'pod install' or update your CocoaPods installation.\" >&2\n    exit 1\nfi\n# This output is used by Xcode 'outputs' to avoid re-running this script phase.\necho \"SUCCESS\" > \"${SCRIPT_OUTPUT_FILE_0}\"\n";
			showEnvVarsInLog = 0;
		};
/* End PBXShellScriptBuildPhase section */

/* Begin PBXSourcesBuildPhase section */
		E40C7A9522A1168C00D7CD17 /* Sources */ = {
			isa = PBXSourcesBuildPhase;
			buildActionMask = 2147483647;
			files = (
				E4D402EE23AF9DA6008F59EB /* testVC.swift in Sources */,
				E4CC122423A56099006CD29E /* coredata.xcdatamodeld in Sources */,
				E40FD64D22D1239800926CC4 /* ThumbnailCell.swift in Sources */,
				E45C842A238DACD700669155 /* Colors.swift in Sources */,
				E465B11A2413FBAD00A6003D /* InfoVC.swift in Sources */,
				E4E8FCED22C28E4700A8B32D /* bookReaderVC.swift in Sources */,
				E49C7C152418FEF4004DE82A /* ComicImage.swift in Sources */,
				E40C7A9F22A1168C00D7CD17 /* LibraryVC.swift in Sources */,
				E463B29822AC2FCE0094265C /* Consts.swift in Sources */,
				E4A20D6822D879450067BDF8 /* LibraryCell.swift in Sources */,
				E4596A07240803A60030DB3E /* ReaderTopBar.swift in Sources */,
				E407CB8323FD3D780056F64D /* RoundedProgressView.swift in Sources */,
				E45213A922D4927D00216217 /* ComicExteractor.swift in Sources */,
				E4D3920123EEA23800E8C873 /* NewGroupVC.swift in Sources */,
				E4CE377F240D578600429C30 /* ProgressContainerView.swift in Sources */,
				E48253EA22D631B1001A0E85 /* Helper.swift in Sources */,
				E4CE3783240D6CFB00429C30 /* LibraryCollectionViewExtensions.swift in Sources */,
				E49C7C132417EBED004DE82A /* ImageResizer.swift in Sources */,
				E4FF655A2391684600AAD68B /* BookPage.swift in Sources */,
				E407CB8523FD3DD80056F64D /* CircleProgressView.swift in Sources */,
				E440DEEF22A1814A00DCF4F7 /* Comic.swift in Sources */,
				E4288B5423DB31D600182E0B /* bookPageControllerExtensions.swift in Sources */,
				E44FA70C23F0015C00338457 /* LibraryReusableView.swift in Sources */,
				E4144F4723B8DE6F00E28770 /* DeviceType.swift in Sources */,
				E4288B4E23DB30E000182E0B /* thumbnailCollectionViewExtensions.swift in Sources */,
				E4596A042407E7650030DB3E /* ReaderBottomBar.swift in Sources */,
				E40A353323F97C83006FA758 /* ProgressContainerExtensions.swift in Sources */,
				E40C0EB223944A8200D2E561 /* AppFileManager.swift in Sources */,
				E40C7A9D22A1168C00D7CD17 /* AppDelegate.swift in Sources */,
			);
			runOnlyForDeploymentPostprocessing = 0;
		};
		E4EBEDC823DD7C49000B317D /* Sources */ = {
			isa = PBXSourcesBuildPhase;
			buildActionMask = 2147483647;
			files = (
				E4EBEDDC23DDD6F6000B317D /* ExtractorTests.swift in Sources */,
				E4EBEDE023DDDF71000B317D /* AppFileManagerTest.swift in Sources */,
				E426BCD523DECE9700119927 /* coredata.xcdatamodeld in Sources */,
			);
			runOnlyForDeploymentPostprocessing = 0;
		};
/* End PBXSourcesBuildPhase section */

/* Begin PBXTargetDependency section */
		E4EBEDD223DD7C49000B317D /* PBXTargetDependency */ = {
			isa = PBXTargetDependency;
			target = E40C7A9822A1168C00D7CD17 /* wutComicReader */;
			targetProxy = E4EBEDD123DD7C49000B317D /* PBXContainerItemProxy */;
		};
/* End PBXTargetDependency section */

/* Begin PBXVariantGroup section */
		E40C7AA022A1168C00D7CD17 /* Main.storyboard */ = {
			isa = PBXVariantGroup;
			children = (
				E40C7AA122A1168C00D7CD17 /* Base */,
			);
			name = Main.storyboard;
			sourceTree = "<group>";
		};
		E40C7AA522A1169000D7CD17 /* LaunchScreen.storyboard */ = {
			isa = PBXVariantGroup;
			children = (
				E40C7AA622A1169000D7CD17 /* Base */,
			);
			name = LaunchScreen.storyboard;
			sourceTree = "<group>";
		};
/* End PBXVariantGroup section */

/* Begin XCBuildConfiguration section */
		E40C7AA922A1169000D7CD17 /* Debug */ = {
			isa = XCBuildConfiguration;
			buildSettings = {
				ALWAYS_SEARCH_USER_PATHS = NO;
				CLANG_ANALYZER_NONNULL = YES;
				CLANG_ANALYZER_NUMBER_OBJECT_CONVERSION = YES_AGGRESSIVE;
				CLANG_CXX_LANGUAGE_STANDARD = "gnu++14";
				CLANG_CXX_LIBRARY = "libc++";
				CLANG_ENABLE_MODULES = YES;
				CLANG_ENABLE_OBJC_ARC = YES;
				CLANG_ENABLE_OBJC_WEAK = YES;
				CLANG_WARN_BLOCK_CAPTURE_AUTORELEASING = YES;
				CLANG_WARN_BOOL_CONVERSION = YES;
				CLANG_WARN_COMMA = YES;
				CLANG_WARN_CONSTANT_CONVERSION = YES;
				CLANG_WARN_DEPRECATED_OBJC_IMPLEMENTATIONS = YES;
				CLANG_WARN_DIRECT_OBJC_ISA_USAGE = YES_ERROR;
				CLANG_WARN_DOCUMENTATION_COMMENTS = YES;
				CLANG_WARN_EMPTY_BODY = YES;
				CLANG_WARN_ENUM_CONVERSION = YES;
				CLANG_WARN_INFINITE_RECURSION = YES;
				CLANG_WARN_INT_CONVERSION = YES;
				CLANG_WARN_NON_LITERAL_NULL_CONVERSION = YES;
				CLANG_WARN_OBJC_IMPLICIT_RETAIN_SELF = YES;
				CLANG_WARN_OBJC_LITERAL_CONVERSION = YES;
				CLANG_WARN_OBJC_ROOT_CLASS = YES_ERROR;
				CLANG_WARN_RANGE_LOOP_ANALYSIS = YES;
				CLANG_WARN_STRICT_PROTOTYPES = YES;
				CLANG_WARN_SUSPICIOUS_MOVE = YES;
				CLANG_WARN_UNGUARDED_AVAILABILITY = YES_AGGRESSIVE;
				CLANG_WARN_UNREACHABLE_CODE = YES;
				CLANG_WARN__DUPLICATE_METHOD_MATCH = YES;
				CODE_SIGN_IDENTITY = "iPhone Developer";
				COPY_PHASE_STRIP = NO;
				DEBUG_INFORMATION_FORMAT = dwarf;
				ENABLE_STRICT_OBJC_MSGSEND = YES;
				ENABLE_TESTABILITY = YES;
				GCC_C_LANGUAGE_STANDARD = gnu11;
				GCC_DYNAMIC_NO_PIC = NO;
				GCC_NO_COMMON_BLOCKS = YES;
				GCC_OPTIMIZATION_LEVEL = 0;
				GCC_PREPROCESSOR_DEFINITIONS = (
					"DEBUG=1",
					"$(inherited)",
				);
				GCC_WARN_64_TO_32_BIT_CONVERSION = YES;
				GCC_WARN_ABOUT_RETURN_TYPE = YES_ERROR;
				GCC_WARN_UNDECLARED_SELECTOR = YES;
				GCC_WARN_UNINITIALIZED_AUTOS = YES_AGGRESSIVE;
				GCC_WARN_UNUSED_FUNCTION = YES;
				GCC_WARN_UNUSED_VARIABLE = YES;
				IPHONEOS_DEPLOYMENT_TARGET = 12.2;
				MTL_ENABLE_DEBUG_INFO = INCLUDE_SOURCE;
				MTL_FAST_MATH = YES;
				ONLY_ACTIVE_ARCH = YES;
				SDKROOT = iphoneos;
				SWIFT_ACTIVE_COMPILATION_CONDITIONS = DEBUG;
				SWIFT_OPTIMIZATION_LEVEL = "-Onone";
			};
			name = Debug;
		};
		E40C7AAA22A1169000D7CD17 /* Release */ = {
			isa = XCBuildConfiguration;
			buildSettings = {
				ALWAYS_SEARCH_USER_PATHS = NO;
				CLANG_ANALYZER_NONNULL = YES;
				CLANG_ANALYZER_NUMBER_OBJECT_CONVERSION = YES_AGGRESSIVE;
				CLANG_CXX_LANGUAGE_STANDARD = "gnu++14";
				CLANG_CXX_LIBRARY = "libc++";
				CLANG_ENABLE_MODULES = YES;
				CLANG_ENABLE_OBJC_ARC = YES;
				CLANG_ENABLE_OBJC_WEAK = YES;
				CLANG_WARN_BLOCK_CAPTURE_AUTORELEASING = YES;
				CLANG_WARN_BOOL_CONVERSION = YES;
				CLANG_WARN_COMMA = YES;
				CLANG_WARN_CONSTANT_CONVERSION = YES;
				CLANG_WARN_DEPRECATED_OBJC_IMPLEMENTATIONS = YES;
				CLANG_WARN_DIRECT_OBJC_ISA_USAGE = YES_ERROR;
				CLANG_WARN_DOCUMENTATION_COMMENTS = YES;
				CLANG_WARN_EMPTY_BODY = YES;
				CLANG_WARN_ENUM_CONVERSION = YES;
				CLANG_WARN_INFINITE_RECURSION = YES;
				CLANG_WARN_INT_CONVERSION = YES;
				CLANG_WARN_NON_LITERAL_NULL_CONVERSION = YES;
				CLANG_WARN_OBJC_IMPLICIT_RETAIN_SELF = YES;
				CLANG_WARN_OBJC_LITERAL_CONVERSION = YES;
				CLANG_WARN_OBJC_ROOT_CLASS = YES_ERROR;
				CLANG_WARN_RANGE_LOOP_ANALYSIS = YES;
				CLANG_WARN_STRICT_PROTOTYPES = YES;
				CLANG_WARN_SUSPICIOUS_MOVE = YES;
				CLANG_WARN_UNGUARDED_AVAILABILITY = YES_AGGRESSIVE;
				CLANG_WARN_UNREACHABLE_CODE = YES;
				CLANG_WARN__DUPLICATE_METHOD_MATCH = YES;
				CODE_SIGN_IDENTITY = "iPhone Developer";
				COPY_PHASE_STRIP = NO;
				DEBUG_INFORMATION_FORMAT = "dwarf-with-dsym";
				ENABLE_NS_ASSERTIONS = NO;
				ENABLE_STRICT_OBJC_MSGSEND = YES;
				GCC_C_LANGUAGE_STANDARD = gnu11;
				GCC_NO_COMMON_BLOCKS = YES;
				GCC_WARN_64_TO_32_BIT_CONVERSION = YES;
				GCC_WARN_ABOUT_RETURN_TYPE = YES_ERROR;
				GCC_WARN_UNDECLARED_SELECTOR = YES;
				GCC_WARN_UNINITIALIZED_AUTOS = YES_AGGRESSIVE;
				GCC_WARN_UNUSED_FUNCTION = YES;
				GCC_WARN_UNUSED_VARIABLE = YES;
				IPHONEOS_DEPLOYMENT_TARGET = 12.2;
				MTL_ENABLE_DEBUG_INFO = NO;
				MTL_FAST_MATH = YES;
				SDKROOT = iphoneos;
				SWIFT_COMPILATION_MODE = wholemodule;
				SWIFT_OPTIMIZATION_LEVEL = "-O";
				VALIDATE_PRODUCT = YES;
			};
			name = Release;
		};
		E40C7AAC22A1169000D7CD17 /* Debug */ = {
			isa = XCBuildConfiguration;
			baseConfigurationReference = 3894799E207BCD7BA5FC7C48 /* Pods-wutComicReader.debug.xcconfig */;
			buildSettings = {
				ASSETCATALOG_COMPILER_APPICON_NAME = AppIcon;
				CODE_SIGN_IDENTITY = "Apple Development";
				CODE_SIGN_STYLE = Automatic;
				DEVELOPMENT_TEAM = 3K7MCLTVLC;
				INFOPLIST_FILE = wutComicReader/Info.plist;
				LD_RUNPATH_SEARCH_PATHS = (
					"$(inherited)",
					"@executable_path/Frameworks",
				);
				PRODUCT_BUNDLE_IDENTIFIER = co.wutup.wutComicReader;
				PRODUCT_NAME = ComicKhan;
				PROVISIONING_PROFILE_SPECIFIER = "";
				SWIFT_VERSION = 5.0;
				TARGETED_DEVICE_FAMILY = "1,2";
			};
			name = Debug;
		};
		E40C7AAD22A1169000D7CD17 /* Release */ = {
			isa = XCBuildConfiguration;
			baseConfigurationReference = B71B30168B00AD5CD96427C4 /* Pods-wutComicReader.release.xcconfig */;
			buildSettings = {
				ASSETCATALOG_COMPILER_APPICON_NAME = AppIcon;
				CODE_SIGN_IDENTITY = "Apple Development";
				CODE_SIGN_STYLE = Automatic;
				DEVELOPMENT_TEAM = 3K7MCLTVLC;
				INFOPLIST_FILE = wutComicReader/Info.plist;
				LD_RUNPATH_SEARCH_PATHS = (
					"$(inherited)",
					"@executable_path/Frameworks",
				);
				PRODUCT_BUNDLE_IDENTIFIER = co.wutup.wutComicReader;
				PRODUCT_NAME = ComicKhan;
				PROVISIONING_PROFILE_SPECIFIER = "";
				SWIFT_VERSION = 5.0;
				TARGETED_DEVICE_FAMILY = "1,2";
			};
			name = Release;
		};
		E4EBEDD323DD7C49000B317D /* Debug */ = {
			isa = XCBuildConfiguration;
			baseConfigurationReference = 6B324D5BDF51FC22EF0ACD10 /* Pods-coreTests.debug.xcconfig */;
			buildSettings = {
				BUNDLE_LOADER = "$(TEST_HOST)";
				CLANG_ENABLE_MODULES = YES;
				CODE_SIGN_STYLE = Automatic;
				DEVELOPMENT_TEAM = 3K7MCLTVLC;
				INFOPLIST_FILE = coreTests/Info.plist;
				IPHONEOS_DEPLOYMENT_TARGET = 13.2;
				LD_RUNPATH_SEARCH_PATHS = (
					"$(inherited)",
					"@executable_path/Frameworks",
					"@loader_path/Frameworks",
				);
				PRODUCT_BUNDLE_IDENTIFIER = wuttupdev.coreTests;
				PRODUCT_NAME = "$(TARGET_NAME)";
				SWIFT_OBJC_BRIDGING_HEADER = "coreTests/coreTests-Bridging-Header.h";
				SWIFT_OPTIMIZATION_LEVEL = "-Onone";
				SWIFT_VERSION = 5.0;
				TARGETED_DEVICE_FAMILY = "1,2";
				TEST_HOST = "$(BUILT_PRODUCTS_DIR)/wutComicReader.app/wutComicReader";
			};
			name = Debug;
		};
		E4EBEDD423DD7C49000B317D /* Release */ = {
			isa = XCBuildConfiguration;
			baseConfigurationReference = 01C940788BF360E42CC8FC4D /* Pods-coreTests.release.xcconfig */;
			buildSettings = {
				BUNDLE_LOADER = "$(TEST_HOST)";
				CLANG_ENABLE_MODULES = YES;
				CODE_SIGN_STYLE = Automatic;
				DEVELOPMENT_TEAM = 3K7MCLTVLC;
				INFOPLIST_FILE = coreTests/Info.plist;
				IPHONEOS_DEPLOYMENT_TARGET = 13.2;
				LD_RUNPATH_SEARCH_PATHS = (
					"$(inherited)",
					"@executable_path/Frameworks",
					"@loader_path/Frameworks",
				);
				PRODUCT_BUNDLE_IDENTIFIER = wuttupdev.coreTests;
				PRODUCT_NAME = "$(TARGET_NAME)";
				SWIFT_OBJC_BRIDGING_HEADER = "coreTests/coreTests-Bridging-Header.h";
				SWIFT_VERSION = 5.0;
				TARGETED_DEVICE_FAMILY = "1,2";
				TEST_HOST = "$(BUILT_PRODUCTS_DIR)/wutComicReader.app/wutComicReader";
			};
			name = Release;
		};
/* End XCBuildConfiguration section */

/* Begin XCConfigurationList section */
		E40C7A9422A1168C00D7CD17 /* Build configuration list for PBXProject "wutComicReader" */ = {
			isa = XCConfigurationList;
			buildConfigurations = (
				E40C7AA922A1169000D7CD17 /* Debug */,
				E40C7AAA22A1169000D7CD17 /* Release */,
			);
			defaultConfigurationIsVisible = 0;
			defaultConfigurationName = Release;
		};
		E40C7AAB22A1169000D7CD17 /* Build configuration list for PBXNativeTarget "wutComicReader" */ = {
			isa = XCConfigurationList;
			buildConfigurations = (
				E40C7AAC22A1169000D7CD17 /* Debug */,
				E40C7AAD22A1169000D7CD17 /* Release */,
			);
			defaultConfigurationIsVisible = 0;
			defaultConfigurationName = Release;
		};
		E4EBEDD523DD7C49000B317D /* Build configuration list for PBXNativeTarget "coreTests" */ = {
			isa = XCConfigurationList;
			buildConfigurations = (
				E4EBEDD323DD7C49000B317D /* Debug */,
				E4EBEDD423DD7C49000B317D /* Release */,
			);
			defaultConfigurationIsVisible = 0;
			defaultConfigurationName = Release;
		};
/* End XCConfigurationList section */

/* Begin XCVersionGroup section */
		E4CC122223A56099006CD29E /* coredata.xcdatamodeld */ = {
			isa = XCVersionGroup;
			children = (
				E4CC122323A56099006CD29E /* coredata.xcdatamodel */,
			);
			currentVersion = E4CC122323A56099006CD29E /* coredata.xcdatamodel */;
			name = coredata.xcdatamodeld;
			path = ../../coredata.xcdatamodeld;
			sourceTree = "<group>";
			versionGroupType = wrapper.xcdatamodel;
		};
/* End XCVersionGroup section */
	};
	rootObject = E40C7A9122A1168C00D7CD17 /* Project object */;
}
